
Microsoft Visual Studio Solution File, Format Version 12.00
# Visual Studio Version 16
VisualStudioVersion = 16.0.30717.126
MinimumVisualStudioVersion = 10.0.40219.1
Project("{FAE04EC0-301F-11D3-BF4B-00C04F79EFBC}") = "passwordking", "passwordking\passwordking.csproj", "{1C68282C-331A-4E26-9B0C-6D1A192E393C}"
EndProject
Global
	GlobalSection(SolutionConfigurationPlatforms) = preSolution
		Debug|Any CPU = Debug|Any CPU
		Release|Any CPU = Release|Any CPU
	EndGlobalSection
	GlobalSection(ProjectConfigurationPlatforms) = postSolution
		{1C68282C-331A-4E26-9B0C-6D1A192E393C}.Debug|Any CPU.ActiveCfg = Debug|Any CPU
		{1C68282C-331A-4E26-9B0C-6D1A192E393C}.Debug|Any CPU.Build.0 = Debug|Any CPU
		{1C68282C-331A-4E26-9B0C-6D1A192E393C}.Release|Any CPU.ActiveCfg = Release|Any CPU
		{1C68282C-331A-4E26-9B0C-6D1A192E393C}.Release|Any CPU.Build.0 = Release|Any CPU
	EndGlobalSection
	GlobalSection(SolutionProperties) = preSolution
		HideSolutionNode = FALSE
	EndGlobalSection
	GlobalSection(ExtensibilityGlobals) = postSolution
		SolutionGuid = {7808088B-072E-43BB-8DF0-3BFD52A08196}
	EndGlobalSection
EndGlobal
